
Microsoft Visual Studio Solution File, Format Version 12.00
# Visual Studio 15
VisualStudioVersion = 15.0.28307.572
MinimumVisualStudioVersion = 10.0.40219.1
Project("{FAE04EC0-301F-11D3-BF4B-00C04F79EFBC}") = "Himaan.Android", "Himaan\Himaan.Android\Himaan.Android.csproj", "{5E079A0E-208F-41AC-A811-E6A13ED63ED1}"
EndProject
Project("{FAE04EC0-301F-11D3-BF4B-00C04F79EFBC}") = "Himaan.iOS", "Himaan\Himaan.iOS\Himaan.iOS.csproj", "{9505C1E9-CBB8-4BD5-B6F8-F761DA1F89A9}"
EndProject
Project("{FAE04EC0-301F-11D3-BF4B-00C04F79EFBC}") = "Himaan", "Himaan\Himaan\Himaan.csproj", "{07EA6BDC-744F-4AEF-8146-E7E46A9E29C9}"
EndProject
Global
	GlobalSection(SolutionConfigurationPlatforms) = preSolution
		Ad-Hoc|Any CPU = Ad-Hoc|Any CPU
		Ad-Hoc|iPhone = Ad-Hoc|iPhone
		Ad-Hoc|iPhoneSimulator = Ad-Hoc|iPhoneSimulator
		AppStore|Any CPU = AppStore|Any CPU
		AppStore|iPhone = AppStore|iPhone
		AppStore|iPhoneSimulator = AppStore|iPhoneSimulator
		Debug|Any CPU = Debug|Any CPU
		Debug|iPhone = Debug|iPhone
		Debug|iPhoneSimulator = Debug|iPhoneSimulator
		Release|Any CPU = Release|Any CPU
		Release|iPhone = Release|iPhone
		Release|iPhoneSimulator = Release|iPhoneSimulator
	EndGlobalSection
	GlobalSection(ProjectConfigurationPlatforms) = postSolution
		{5E079A0E-208F-41AC-A811-E6A13ED63ED1}.Ad-Hoc|Any CPU.ActiveCfg = Release|Any CPU
		{5E079A0E-208F-41AC-A811-E6A13ED63ED1}.Ad-Hoc|Any CPU.Build.0 = Release|Any CPU
		{5E079A0E-208F-41AC-A811-E6A13ED63ED1}.Ad-Hoc|Any CPU.Deploy.0 = Release|Any CPU
		{5E079A0E-208F-41AC-A811-E6A13ED63ED1}.Ad-Hoc|iPhone.ActiveCfg = Release|Any CPU
		{5E079A0E-208F-41AC-A811-E6A13ED63ED1}.Ad-Hoc|iPhone.Build.0 = Release|Any CPU
		{5E079A0E-208F-41AC-A811-E6A13ED63ED1}.Ad-Hoc|iPhone.Deploy.0 = Release|Any CPU
		{5E079A0E-208F-41AC-A811-E6A13ED63ED1}.Ad-Hoc|iPhoneSimulator.ActiveCfg = Release|Any CPU
		{5E079A0E-208F-41AC-A811-E6A13ED63ED1}.Ad-Hoc|iPhoneSimulator.Build.0 = Release|Any CPU
		{5E079A0E-208F-41AC-A811-E6A13ED63ED1}.Ad-Hoc|iPhoneSimulator.Deploy.0 = Release|Any CPU
		{5E079A0E-208F-41AC-A811-E6A13ED63ED1}.AppStore|Any CPU.ActiveCfg = Release|Any CPU
		{5E079A0E-208F-41AC-A811-E6A13ED63ED1}.AppStore|Any CPU.Build.0 = Release|Any CPU
		{5E079A0E-208F-41AC-A811-E6A13ED63ED1}.AppStore|Any CPU.Deploy.0 = Release|Any CPU
		{5E079A0E-208F-41AC-A811-E6A13ED63ED1}.AppStore|iPhone.ActiveCfg = Release|Any CPU
		{5E079A0E-208F-41AC-A811-E6A13ED63ED1}.AppStore|iPhone.Build.0 = Release|Any CPU
		{5E079A0E-208F-41AC-A811-E6A13ED63ED1}.AppStore|iPhone.Deploy.0 = Release|Any CPU
		{5E079A0E-208F-41AC-A811-E6A13ED63ED1}.AppStore|iPhoneSimulator.ActiveCfg = Release|Any CPU
		{5E079A0E-208F-41AC-A811-E6A13ED63ED1}.AppStore|iPhoneSimulator.Build.0 = Release|Any CPU
		{5E079A0E-208F-41AC-A811-E6A13ED63ED1}.AppStore|iPhoneSimulator.Deploy.0 = Release|Any CPU
		{5E079A0E-208F-41AC-A811-E6A13ED63ED1}.Debug|Any CPU.ActiveCfg = Debug|Any CPU
		{5E079A0E-208F-41AC-A811-E6A13ED63ED1}.Debug|Any CPU.Build.0 = Debug|Any CPU
		{5E079A0E-208F-41AC-A811-E6A13ED63ED1}.Debug|Any CPU.Deploy.0 = Debug|Any CPU
		{5E079A0E-208F-41AC-A811-E6A13ED63ED1}.Debug|iPhone.ActiveCfg = Debug|Any CPU
		{5E079A0E-208F-41AC-A811-E6A13ED63ED1}.Debug|iPhone.Build.0 = Debug|Any CPU
		{5E079A0E-208F-41AC-A811-E6A13ED63ED1}.Debug|iPhone.Deploy.0 = Debug|Any CPU
		{5E079A0E-208F-41AC-A811-E6A13ED63ED1}.Debug|iPhoneSimulator.ActiveCfg = Debug|Any CPU
		{5E079A0E-208F-41AC-A811-E6A13ED63ED1}.Debug|iPhoneSimulator.Build.0 = Debug|Any CPU
		{5E079A0E-208F-41AC-A811-E6A13ED63ED1}.Debug|iPhoneSimulator.Deploy.0 = Debug|Any CPU
		{5E079A0E-208F-41AC-A811-E6A13ED63ED1}.Release|Any CPU.ActiveCfg = Release|Any CPU
		{5E079A0E-208F-41AC-A811-E6A13ED63ED1}.Release|Any CPU.Build.0 = Release|Any CPU
		{5E079A0E-208F-41AC-A811-E6A13ED63ED1}.Release|Any CPU.Deploy.0 = Release|Any CPU
		{5E079A0E-208F-41AC-A811-E6A13ED63ED1}.Release|iPhone.ActiveCfg = Release|Any CPU
		{5E079A0E-208F-41AC-A811-E6A13ED63ED1}.Release|iPhone.Build.0 = Release|Any CPU
		{5E079A0E-208F-41AC-A811-E6A13ED63ED1}.Release|iPhone.Deploy.0 = Release|Any CPU
		{5E079A0E-208F-41AC-A811-E6A13ED63ED1}.Release|iPhoneSimulator.ActiveCfg = Release|Any CPU
		{5E079A0E-208F-41AC-A811-E6A13ED63ED1}.Release|iPhoneSimulator.Build.0 = Release|Any CPU
		{5E079A0E-208F-41AC-A811-E6A13ED63ED1}.Release|iPhoneSimulator.Deploy.0 = Release|Any CPU
		{9505C1E9-CBB8-4BD5-B6F8-F761DA1F89A9}.Ad-Hoc|Any CPU.ActiveCfg = Ad-Hoc|iPhone
		{9505C1E9-CBB8-4BD5-B6F8-F761DA1F89A9}.Ad-Hoc|Any CPU.Build.0 = Ad-Hoc|iPhone
		{9505C1E9-CBB8-4BD5-B6F8-F761DA1F89A9}.Ad-Hoc|Any CPU.Deploy.0 = Ad-Hoc|iPhone
		{9505C1E9-CBB8-4BD5-B6F8-F761DA1F89A9}.Ad-Hoc|iPhone.ActiveCfg = Ad-Hoc|iPhone
		{9505C1E9-CBB8-4BD5-B6F8-F761DA1F89A9}.Ad-Hoc|iPhone.Build.0 = Ad-Hoc|iPhone
		{9505C1E9-CBB8-4BD5-B6F8-F761DA1F89A9}.Ad-Hoc|iPhone.Deploy.0 = Ad-Hoc|iPhone
		{9505C1E9-CBB8-4BD5-B6F8-F761DA1F89A9}.Ad-Hoc|iPhoneSimulator.ActiveCfg = Ad-Hoc|iPhoneSimulator
		{9505C1E9-CBB8-4BD5-B6F8-F761DA1F89A9}.Ad-Hoc|iPhoneSimulator.Build.0 = Ad-Hoc|iPhoneSimulator
		{9505C1E9-CBB8-4BD5-B6F8-F761DA1F89A9}.Ad-Hoc|iPhoneSimulator.Deploy.0 = Ad-Hoc|iPhoneSimulator
		{9505C1E9-CBB8-4BD5-B6F8-F761DA1F89A9}.AppStore|Any CPU.ActiveCfg = AppStore|iPhone
		{9505C1E9-CBB8-4BD5-B6F8-F761DA1F89A9}.AppStore|Any CPU.Build.0 = AppStore|iPhone
		{9505C1E9-CBB8-4BD5-B6F8-F761DA1F89A9}.AppStore|Any CPU.Deploy.0 = AppStore|iPhone
		{9505C1E9-CBB8-4BD5-B6F8-F761DA1F89A9}.AppStore|iPhone.ActiveCfg = AppStore|iPhone
		{9505C1E9-CBB8-4BD5-B6F8-F761DA1F89A9}.AppStore|iPhone.Build.0 = AppStore|iPhone
		{9505C1E9-CBB8-4BD5-B6F8-F761DA1F89A9}.AppStore|iPhone.Deploy.0 = AppStore|iPhone
		{9505C1E9-CBB8-4BD5-B6F8-F761DA1F89A9}.AppStore|iPhoneSimulator.ActiveCfg = AppStore|iPhoneSimulator
		{9505C1E9-CBB8-4BD5-B6F8-F761DA1F89A9}.AppStore|iPhoneSimulator.Build.0 = AppStore|iPhoneSimulator
		{9505C1E9-CBB8-4BD5-B6F8-F761DA1F89A9}.AppStore|iPhoneSimulator.Deploy.0 = AppStore|iPhoneSimulator
		{9505C1E9-CBB8-4BD5-B6F8-F761DA1F89A9}.Debug|Any CPU.ActiveCfg = Debug|iPhoneSimulator
		{9505C1E9-CBB8-4BD5-B6F8-F761DA1F89A9}.Debug|Any CPU.Build.0 = Debug|iPhoneSimulator
		{9505C1E9-CBB8-4BD5-B6F8-F761DA1F89A9}.Debug|Any CPU.Deploy.0 = Debug|iPhoneSimulator
		{9505C1E9-CBB8-4BD5-B6F8-F761DA1F89A9}.Debug|iPhone.ActiveCfg = Debug|iPhone
		{9505C1E9-CBB8-4BD5-B6F8-F761DA1F89A9}.Debug|iPhone.Build.0 = Debug|iPhone
		{9505C1E9-CBB8-4BD5-B6F8-F761DA1F89A9}.Debug|iPhone.Deploy.0 = Debug|iPhone
		{9505C1E9-CBB8-4BD5-B6F8-F761DA1F89A9}.Debug|iPhoneSimulator.ActiveCfg = Debug|iPhoneSimulator
		{9505C1E9-CBB8-4BD5-B6F8-F761DA1F89A9}.Debug|iPhoneSimulator.Build.0 = Debug|iPhoneSimulator
		{9505C1E9-CBB8-4BD5-B6F8-F761DA1F89A9}.Debug|iPhoneSimulator.Deploy.0 = Debug|iPhoneSimulator
		{9505C1E9-CBB8-4BD5-B6F8-F761DA1F89A9}.Release|Any CPU.ActiveCfg = Release|iPhone
		{9505C1E9-CBB8-4BD5-B6F8-F761DA1F89A9}.Release|Any CPU.Build.0 = Release|iPhone
		{9505C1E9-CBB8-4BD5-B6F8-F761DA1F89A9}.Release|Any CPU.Deploy.0 = Release|iPhone
		{9505C1E9-CBB8-4BD5-B6F8-F761DA1F89A9}.Release|iPhone.ActiveCfg = Release|iPhone
		{9505C1E9-CBB8-4BD5-B6F8-F761DA1F89A9}.Release|iPhone.Build.0 = Release|iPhone
		{9505C1E9-CBB8-4BD5-B6F8-F761DA1F89A9}.Release|iPhone.Deploy.0 = Release|iPhone
		{9505C1E9-CBB8-4BD5-B6F8-F761DA1F89A9}.Release|iPhoneSimulator.ActiveCfg = Release|iPhoneSimulator
		{9505C1E9-CBB8-4BD5-B6F8-F761DA1F89A9}.Release|iPhoneSimulator.Build.0 = Release|iPhoneSimulator
		{9505C1E9-CBB8-4BD5-B6F8-F761DA1F89A9}.Release|iPhoneSimulator.Deploy.0 = Release|iPhoneSimulator
		{07EA6BDC-744F-4AEF-8146-E7E46A9E29C9}.Ad-Hoc|Any CPU.ActiveCfg = Debug|Any CPU
		{07EA6BDC-744F-4AEF-8146-E7E46A9E29C9}.Ad-Hoc|Any CPU.Build.0 = Debug|Any CPU
		{07EA6BDC-744F-4AEF-8146-E7E46A9E29C9}.Ad-Hoc|Any CPU.Deploy.0 = Debug|Any CPU
		{07EA6BDC-744F-4AEF-8146-E7E46A9E29C9}.Ad-Hoc|iPhone.ActiveCfg = Debug|Any CPU
		{07EA6BDC-744F-4AEF-8146-E7E46A9E29C9}.Ad-Hoc|iPhone.Build.0 = Debug|Any CPU
		{07EA6BDC-744F-4AEF-8146-E7E46A9E29C9}.Ad-Hoc|iPhone.Deploy.0 = Debug|Any CPU
		{07EA6BDC-744F-4AEF-8146-E7E46A9E29C9}.Ad-Hoc|iPhoneSimulator.ActiveCfg = Debug|Any CPU
		{07EA6BDC-744F-4AEF-8146-E7E46A9E29C9}.Ad-Hoc|iPhoneSimulator.Build.0 = Debug|Any CPU
		{07EA6BDC-744F-4AEF-8146-E7E46A9E29C9}.Ad-Hoc|iPhoneSimulator.Deploy.0 = Debug|Any CPU
		{07EA6BDC-744F-4AEF-8146-E7E46A9E29C9}.AppStore|Any CPU.ActiveCfg = Debug|Any CPU
		{07EA6BDC-744F-4AEF-8146-E7E46A9E29C9}.AppStore|Any CPU.Build.0 = Debug|Any CPU
		{07EA6BDC-744F-4AEF-8146-E7E46A9E29C9}.AppStore|Any CPU.Deploy.0 = Debug|Any CPU
		{07EA6BDC-744F-4AEF-8146-E7E46A9E29C9}.AppStore|iPhone.ActiveCfg = Debug|Any CPU
		{07EA6BDC-744F-4AEF-8146-E7E46A9E29C9}.AppStore|iPhone.Build.0 = Debug|Any CPU
		{07EA6BDC-744F-4AEF-8146-E7E46A9E29C9}.AppStore|iPhone.Deploy.0 = Debug|Any CPU
		{07EA6BDC-744F-4AEF-8146-E7E46A9E29C9}.AppStore|iPhoneSimulator.ActiveCfg = Debug|Any CPU
		{07EA6BDC-744F-4AEF-8146-E7E46A9E29C9}.AppStore|iPhoneSimulator.Build.0 = Debug|Any CPU
		{07EA6BDC-744F-4AEF-8146-E7E46A9E29C9}.AppStore|iPhoneSimulator.Deploy.0 = Debug|Any CPU
		{07EA6BDC-744F-4AEF-8146-E7E46A9E29C9}.Debug|Any CPU.ActiveCfg = Debug|Any CPU
		{07EA6BDC-744F-4AEF-8146-E7E46A9E29C9}.Debug|Any CPU.Build.0 = Debug|Any CPU
		{07EA6BDC-744F-4AEF-8146-E7E46A9E29C9}.Debug|Any CPU.Deploy.0 = Debug|Any CPU
		{07EA6BDC-744F-4AEF-8146-E7E46A9E29C9}.Debug|iPhone.ActiveCfg = Debug|Any CPU
		{07EA6BDC-744F-4AEF-8146-E7E46A9E29C9}.Debug|iPhone.Build.0 = Debug|Any CPU
		{07EA6BDC-744F-4AEF-8146-E7E46A9E29C9}.Debug|iPhone.Deploy.0 = Debug|Any CPU
		{07EA6BDC-744F-4AEF-8146-E7E46A9E29C9}.Debug|iPhoneSimulator.ActiveCfg = Debug|Any CPU
		{07EA6BDC-744F-4AEF-8146-E7E46A9E29C9}.Debug|iPhoneSimulator.Build.0 = Debug|Any CPU
		{07EA6BDC-744F-4AEF-8146-E7E46A9E29C9}.Debug|iPhoneSimulator.Deploy.0 = Debug|Any CPU
		{07EA6BDC-744F-4AEF-8146-E7E46A9E29C9}.Release|Any CPU.ActiveCfg = Release|Any CPU
		{07EA6BDC-744F-4AEF-8146-E7E46A9E29C9}.Release|Any CPU.Build.0 = Release|Any CPU
		{07EA6BDC-744F-4AEF-8146-E7E46A9E29C9}.Release|Any CPU.Deploy.0 = Release|Any CPU
		{07EA6BDC-744F-4AEF-8146-E7E46A9E29C9}.Release|iPhone.ActiveCfg = Release|Any CPU
		{07EA6BDC-744F-4AEF-8146-E7E46A9E29C9}.Release|iPhone.Build.0 = Release|Any CPU
		{07EA6BDC-744F-4AEF-8146-E7E46A9E29C9}.Release|iPhone.Deploy.0 = Release|Any CPU
		{07EA6BDC-744F-4AEF-8146-E7E46A9E29C9}.Release|iPhoneSimulator.ActiveCfg = Release|Any CPU
		{07EA6BDC-744F-4AEF-8146-E7E46A9E29C9}.Release|iPhoneSimulator.Build.0 = Release|Any CPU
		{07EA6BDC-744F-4AEF-8146-E7E46A9E29C9}.Release|iPhoneSimulator.Deploy.0 = Release|Any CPU
	EndGlobalSection
	GlobalSection(SolutionProperties) = preSolution
		HideSolutionNode = FALSE
	EndGlobalSection
	GlobalSection(ExtensibilityGlobals) = postSolution
		SolutionGuid = {9C9E0B1F-3E28-4688-B3EB-47D65B7F4F0A}
	EndGlobalSection
EndGlobal
